PODS:
  - AFNetworking (3.0.4):
    - AFNetworking/NSURLSession (= 3.0.4)
    - AFNetworking/Reachability (= 3.0.4)
    - AFNetworking/Security (= 3.0.4)
    - AFNetworking/Serialization (= 3.0.4)
    - AFNetworking/UIKit (= 3.0.4)
  - AFNetworking/NSURLSession (3.0.4):
    - AFNetworking/Reachability
    - AFNetworking/Security
    - AFNetworking/Serialization
  - AFNetworking/Reachability (3.0.4)
  - AFNetworking/Security (3.0.4)
  - AFNetworking/Serialization (3.0.4)
  - AFNetworking/UIKit (3.0.4):
    - AFNetworking/NSURLSession
  - CRToast (0.0.9)
  - DACircularProgress (2.3.1)
  - FMDB (2.6.2):
    - FMDB/standard (= 2.6.2)
  - FMDB/standard (2.6.2)
  - libextobjc (0.4.1):
    - libextobjc/EXTADT (= 0.4.1)
    - libextobjc/EXTConcreteProtocol (= 0.4.1)
    - libextobjc/EXTKeyPathCoding (= 0.4.1)
    - libextobjc/EXTNil (= 0.4.1)
    - libextobjc/EXTSafeCategory (= 0.4.1)
    - libextobjc/EXTScope (= 0.4.1)
    - libextobjc/EXTSelectorChecking (= 0.4.1)
    - libextobjc/EXTSynthesize (= 0.4.1)
    - libextobjc/NSInvocation+EXT (= 0.4.1)
    - libextobjc/NSMethodSignature+EXT (= 0.4.1)
    - libextobjc/RuntimeExtensions (= 0.4.1)
    - libextobjc/UmbrellaHeader (= 0.4.1)
  - libextobjc/EXTADT (0.4.1):
    - libextobjc/RuntimeExtensions
  - libextobjc/EXTConcreteProtocol (0.4.1):
    - libextobjc/RuntimeExtensions
  - libextobjc/EXTKeyPathCoding (0.4.1):
    - libextobjc/RuntimeExtensions
  - libextobjc/EXTNil (0.4.1):
    - libextobjc/RuntimeExtensions
  - libextobjc/EXTSafeCategory (0.4.1):
    - libextobjc/RuntimeExtensions
  - libextobjc/EXTScope (0.4.1):
    - libextobjc/RuntimeExtensions
  - libextobjc/EXTSelectorChecking (0.4.1):
    - libextobjc/RuntimeExtensions
  - libextobjc/EXTSynthesize (0.4.1):
    - libextobjc/RuntimeExtensions
  - libextobjc/NSInvocation+EXT (0.4.1):
    - libextobjc/RuntimeExtensions
  - libextobjc/NSMethodSignature+EXT (0.4.1):
    - libextobjc/RuntimeExtensions
  - libextobjc/RuntimeExtensions (0.4.1)
  - libextobjc/UmbrellaHeader (0.4.1)
  - libwebp (0.4.3.1):
    - libwebp/dec (= 0.4.3.1)
    - libwebp/demux (= 0.4.3.1)
    - libwebp/dsp (= 0.4.3.1)
    - libwebp/enc (= 0.4.3.1)
    - libwebp/mux (= 0.4.3.1)
    - libwebp/utils (= 0.4.3.1)
    - libwebp/webp (= 0.4.3.1)
  - libwebp/dec (0.4.3.1)
  - libwebp/demux (0.4.3.1)
  - libwebp/dsp (0.4.3.1)
  - libwebp/enc (0.4.3.1)
  - libwebp/mux (0.4.3.1)
  - libwebp/utils (0.4.3.1)
  - libwebp/webp (0.4.3.1)
  - MBProgressHUD (0.9.2)
  - MWPhotoBrowser (2.1.1):
    - DACircularProgress (~> 2.3)
    - MBProgressHUD (~> 0.9)
    - SDWebImage (!= 3.7.2, ~> 3.7)
  - RZSquaresLoading (1.1)
  - SDWebImage (3.7.5):
    - SDWebImage/Core (= 3.7.5)
  - SDWebImage/Core (3.7.5)
  - SDWebImage/WebP (3.7.5):
    - libwebp
    - SDWebImage/Core
  - UMengAnalytics-NO-IDFA (4.0.3)
  - YYModel (1.0.2)

DEPENDENCIES:
  - AFNetworking (= 3.0.4)
  - CRToast (from `git@github.com:cruffenach/CRToast.git`, tag `0.0.9`)
  - FMDB (~> 2.6.2)
  - libextobjc (= 0.4.1)
  - libwebp (= 0.4.3.1)
  - MWPhotoBrowser (= 2.1.1)
  - RZSquaresLoading (= 1.1)
  - SDWebImage/WebP (= 3.7.5)
  - UMengAnalytics-NO-IDFA
  - YYModel (= 1.0.2)

EXTERNAL SOURCES:
  CRToast:
    :git: git@github.com:cruffenach/CRToast.git
    :tag: 0.0.9

CHECKOUT OPTIONS:
  CRToast:
    :git: git@github.com:cruffenach/CRToast.git
    :tag: 0.0.9

SPEC CHECKSUMS:
  AFNetworking: a0075feb321559dc78d9d85b55d11caa19eabb93
  CRToast: 5a78c22b921c5ed3487488af605bc403a9c92fed
  DACircularProgress: 4dd437c0fc3da5161cb289e07ac449493d41db71
  FMDB: 854a0341b4726e53276f2a8996f06f1b80f9259a
  libextobjc: a650fc1bf489a3d3a9bc2e621efa3e1006fc5471
  libwebp: 5f9db23073868b94b4f62ef8769ab052837fecc7
  MBProgressHUD: 1569cf7ace17a8bac47aabfbb8580a49690386d1
  MWPhotoBrowser: ba0d0c09ffda3a7ea10093518738c502c1c7141c
  RZSquaresLoading: c0aefa508119a76497424829e439e1b8b0d12fdc
  SDWebImage: 69c6303e3348fba97e03f65d65d4fbc26740f461
  UMengAnalytics-NO-IDFA: 173a5a2541536225f4c947935560975136f18a34
  YYModel: 7a467eff45ae3641c33efb136c262d33b6f48c1a

COCOAPODS: 0.39.0
